
Microsoft Visual Studio Solution File, Format Version 12.00
# Visual Studio 2012
Project("{FAE04EC0-301F-11D3-BF4B-00C04F79EFBC}") = "TJ_XinJielogistics", "TJ_XinJielogistics\TJ_XinJielogistics.csproj", "{280FEEBB-FF68-44FF-B3A8-A02004A7270B}"
EndProject
Project("{FAE04EC0-301F-11D3-BF4B-00C04F79EFBC}") = "TJ.DB", "TJ.DB\TJ.DB.csproj", "{7E1B0CB3-3EDB-47EA-A9AB-6E25D2E6141B}"
EndProject
Project("{FAE04EC0-301F-11D3-BF4B-00C04F79EFBC}") = "TJ.Buiness", "TJ.Buiness\TJ.Buiness.csproj", "{EA814784-6EE6-47A1-B9B0-E52356AC947F}"
EndProject
Project("{FAE04EC0-301F-11D3-BF4B-00C04F79EFBC}") = "TJ.Common", "TJ.Common\TJ.Common.csproj", "{513658B5-86FC-45E3-9B66-234994F7500F}"
EndProject
Project("{6141683F-8A12-4E36-9623-2EB02B2C2303}") = "Setup", "Setup\Setup.isproj", "{43A117B9-1D7C-438A-A772-58591E417519}"
EndProject
Global
	GlobalSection(SolutionConfigurationPlatforms) = preSolution
		CD_ROM|Any CPU = CD_ROM|Any CPU
		Debug|Any CPU = Debug|Any CPU
		DVD-5|Any CPU = DVD-5|Any CPU
		Release|Any CPU = Release|Any CPU
		SingleImage|Any CPU = SingleImage|Any CPU
	EndGlobalSection
	GlobalSection(ProjectConfigurationPlatforms) = postSolution
		{280FEEBB-FF68-44FF-B3A8-A02004A7270B}.CD_ROM|Any CPU.ActiveCfg = Release|Any CPU
		{280FEEBB-FF68-44FF-B3A8-A02004A7270B}.CD_ROM|Any CPU.Build.0 = Release|Any CPU
		{280FEEBB-FF68-44FF-B3A8-A02004A7270B}.Debug|Any CPU.ActiveCfg = Debug|Any CPU
		{280FEEBB-FF68-44FF-B3A8-A02004A7270B}.Debug|Any CPU.Build.0 = Debug|Any CPU
		{280FEEBB-FF68-44FF-B3A8-A02004A7270B}.DVD-5|Any CPU.ActiveCfg = Debug|Any CPU
		{280FEEBB-FF68-44FF-B3A8-A02004A7270B}.DVD-5|Any CPU.Build.0 = Debug|Any CPU
		{280FEEBB-FF68-44FF-B3A8-A02004A7270B}.Release|Any CPU.ActiveCfg = Release|Any CPU
		{280FEEBB-FF68-44FF-B3A8-A02004A7270B}.Release|Any CPU.Build.0 = Release|Any CPU
		{280FEEBB-FF68-44FF-B3A8-A02004A7270B}.SingleImage|Any CPU.ActiveCfg = Debug|Any CPU
		{280FEEBB-FF68-44FF-B3A8-A02004A7270B}.SingleImage|Any CPU.Build.0 = Debug|Any CPU
		{7E1B0CB3-3EDB-47EA-A9AB-6E25D2E6141B}.CD_ROM|Any CPU.ActiveCfg = Release|Any CPU
		{7E1B0CB3-3EDB-47EA-A9AB-6E25D2E6141B}.CD_ROM|Any CPU.Build.0 = Release|Any CPU
		{7E1B0CB3-3EDB-47EA-A9AB-6E25D2E6141B}.Debug|Any CPU.ActiveCfg = Debug|Any CPU
		{7E1B0CB3-3EDB-47EA-A9AB-6E25D2E6141B}.Debug|Any CPU.Build.0 = Debug|Any CPU
		{7E1B0CB3-3EDB-47EA-A9AB-6E25D2E6141B}.DVD-5|Any CPU.ActiveCfg = Debug|Any CPU
		{7E1B0CB3-3EDB-47EA-A9AB-6E25D2E6141B}.DVD-5|Any CPU.Build.0 = Debug|Any CPU
		{7E1B0CB3-3EDB-47EA-A9AB-6E25D2E6141B}.Release|Any CPU.ActiveCfg = Release|Any CPU
		{7E1B0CB3-3EDB-47EA-A9AB-6E25D2E6141B}.Release|Any CPU.Build.0 = Release|Any CPU
		{7E1B0CB3-3EDB-47EA-A9AB-6E25D2E6141B}.SingleImage|Any CPU.ActiveCfg = Debug|Any CPU
		{7E1B0CB3-3EDB-47EA-A9AB-6E25D2E6141B}.SingleImage|Any CPU.Build.0 = Debug|Any CPU
		{EA814784-6EE6-47A1-B9B0-E52356AC947F}.CD_ROM|Any CPU.ActiveCfg = Release|Any CPU
		{EA814784-6EE6-47A1-B9B0-E52356AC947F}.CD_ROM|Any CPU.Build.0 = Release|Any CPU
		{EA814784-6EE6-47A1-B9B0-E52356AC947F}.Debug|Any CPU.ActiveCfg = Debug|Any CPU
		{EA814784-6EE6-47A1-B9B0-E52356AC947F}.Debug|Any CPU.Build.0 = Debug|Any CPU
		{EA814784-6EE6-47A1-B9B0-E52356AC947F}.DVD-5|Any CPU.ActiveCfg = Debug|Any CPU
		{EA814784-6EE6-47A1-B9B0-E52356AC947F}.DVD-5|Any CPU.Build.0 = Debug|Any CPU
		{EA814784-6EE6-47A1-B9B0-E52356AC947F}.Release|Any CPU.ActiveCfg = Release|Any CPU
		{EA814784-6EE6-47A1-B9B0-E52356AC947F}.Release|Any CPU.Build.0 = Release|Any CPU
		{EA814784-6EE6-47A1-B9B0-E52356AC947F}.SingleImage|Any CPU.ActiveCfg = Debug|Any CPU
		{EA814784-6EE6-47A1-B9B0-E52356AC947F}.SingleImage|Any CPU.Build.0 = Debug|Any CPU
		{513658B5-86FC-45E3-9B66-234994F7500F}.CD_ROM|Any CPU.ActiveCfg = Release|Any CPU
		{513658B5-86FC-45E3-9B66-234994F7500F}.CD_ROM|Any CPU.Build.0 = Release|Any CPU
		{513658B5-86FC-45E3-9B66-234994F7500F}.Debug|Any CPU.ActiveCfg = Debug|Any CPU
		{513658B5-86FC-45E3-9B66-234994F7500F}.Debug|Any CPU.Build.0 = Debug|Any CPU
		{513658B5-86FC-45E3-9B66-234994F7500F}.DVD-5|Any CPU.ActiveCfg = Debug|Any CPU
		{513658B5-86FC-45E3-9B66-234994F7500F}.DVD-5|Any CPU.Build.0 = Debug|Any CPU
		{513658B5-86FC-45E3-9B66-234994F7500F}.Release|Any CPU.ActiveCfg = Release|Any CPU
		{513658B5-86FC-45E3-9B66-234994F7500F}.Release|Any CPU.Build.0 = Release|Any CPU
		{513658B5-86FC-45E3-9B66-234994F7500F}.SingleImage|Any CPU.ActiveCfg = Debug|Any CPU
		{513658B5-86FC-45E3-9B66-234994F7500F}.SingleImage|Any CPU.Build.0 = Debug|Any CPU
		{43A117B9-1D7C-438A-A772-58591E417519}.CD_ROM|Any CPU.ActiveCfg = CD_ROM
		{43A117B9-1D7C-438A-A772-58591E417519}.CD_ROM|Any CPU.Build.0 = CD_ROM
		{43A117B9-1D7C-438A-A772-58591E417519}.Debug|Any CPU.ActiveCfg = DVD-5
		{43A117B9-1D7C-438A-A772-58591E417519}.Debug|Any CPU.Build.0 = DVD-5
		{43A117B9-1D7C-438A-A772-58591E417519}.DVD-5|Any CPU.ActiveCfg = DVD-5
		{43A117B9-1D7C-438A-A772-58591E417519}.DVD-5|Any CPU.Build.0 = DVD-5
		{43A117B9-1D7C-438A-A772-58591E417519}.DVD-5|Any CPU.Deploy.0 = DVD-5
		{43A117B9-1D7C-438A-A772-58591E417519}.Release|Any CPU.ActiveCfg = SingleImage
		{43A117B9-1D7C-438A-A772-58591E417519}.Release|Any CPU.Build.0 = SingleImage
		{43A117B9-1D7C-438A-A772-58591E417519}.SingleImage|Any CPU.ActiveCfg = SingleImage
		{43A117B9-1D7C-438A-A772-58591E417519}.SingleImage|Any CPU.Build.0 = SingleImage
	EndGlobalSection
	GlobalSection(SolutionProperties) = preSolution
		HideSolutionNode = FALSE
	EndGlobalSection
EndGlobal
